// !$*UTF8*$!
{
	archiveVersion = 1;
	classes = {
	};
	objectVersion = 46;
	objects = {

/* Begin PBXBuildFile section */
		8979D5841B7D185900E08B51 /* AppDelegate.swift in Sources */ = {isa = PBXBuildFile; fileRef = 8979D5831B7D185900E08B51 /* AppDelegate.swift */; };
		8979D5871B7D185900E08B51 /* propinas.xcdatamodeld in Sources */ = {isa = PBXBuildFile; fileRef = 8979D5851B7D185900E08B51 /* propinas.xcdatamodeld */; };
		8979D5891B7D185900E08B51 /* ViewController.swift in Sources */ = {isa = PBXBuildFile; fileRef = 8979D5881B7D185900E08B51 /* ViewController.swift */; };
		8979D58C1B7D185900E08B51 /* Main.storyboard in Resources */ = {isa = PBXBuildFile; fileRef = 8979D58A1B7D185900E08B51 /* Main.storyboard */; };
		8979D58E1B7D185900E08B51 /* Images.xcassets in Resources */ = {isa = PBXBuildFile; fileRef = 8979D58D1B7D185900E08B51 /* Images.xcassets */; };
		8979D5911B7D185900E08B51 /* LaunchScreen.xib in Resources */ = {isa = PBXBuildFile; fileRef = 8979D58F1B7D185900E08B51 /* LaunchScreen.xib */; };
		8979D59D1B7D185900E08B51 /* propinasTests.swift in Sources */ = {isa = PBXBuildFile; fileRef = 8979D59C1B7D185900E08B51 /* propinasTests.swift */; };
		8979D5A71B7D194000E08B51 /* TipCalculatorModel.swift in Sources */ = {isa = PBXBuildFile; fileRef = 8979D5A61B7D194000E08B51 /* TipCalculatorModel.swift */; };
/* End PBXBuildFile section */

/* Begin PBXContainerItemProxy section */
		8979D5971B7D185900E08B51 /* PBXContainerItemProxy */ = {
			isa = PBXContainerItemProxy;
			containerPortal = 8979D5761B7D185900E08B51 /* Project object */;
			proxyType = 1;
			remoteGlobalIDString = 8979D57D1B7D185900E08B51;
			remoteInfo = propinas;
		};
/* End PBXContainerItemProxy section */

/* Begin PBXFileReference section */
		8979D57E1B7D185900E08B51 /* propinas.app */ = {isa = PBXFileReference; explicitFileType = wrapper.application; includeInIndex = 0; path = propinas.app; sourceTree = BUILT_PRODUCTS_DIR; };
		8979D5821B7D185900E08B51 /* Info.plist */ = {isa = PBXFileReference; lastKnownFileType = text.plist.xml; path = Info.plist; sourceTree = "<group>"; };
		8979D5831B7D185900E08B51 /* AppDelegate.swift */ = {isa = PBXFileReference; lastKnownFileType = sourcecode.swift; path = AppDelegate.swift; sourceTree = "<group>"; };
		8979D5861B7D185900E08B51 /* propinas.xcdatamodel */ = {isa = PBXFileReference; lastKnownFileType = wrapper.xcdatamodel; path = propinas.xcdatamodel; sourceTree = "<group>"; };
		8979D5881B7D185900E08B51 /* ViewController.swift */ = {isa = PBXFileReference; lastKnownFileType = sourcecode.swift; path = ViewController.swift; sourceTree = "<group>"; };
		8979D58B1B7D185900E08B51 /* Base */ = {isa = PBXFileReference; lastKnownFileType = file.storyboard; name = Base; path = Base.lproj/Main.storyboard; sourceTree = "<group>"; };
		8979D58D1B7D185900E08B51 /* Images.xcassets */ = {isa = PBXFileReference; lastKnownFileType = folder.assetcatalog; path = Images.xcassets; sourceTree = "<group>"; };
		8979D5901B7D185900E08B51 /* Base */ = {isa = PBXFileReference; lastKnownFileType = file.xib; name = Base; path = Base.lproj/LaunchScreen.xib; sourceTree = "<group>"; };
		8979D5961B7D185900E08B51 /* propinasTests.xctest */ = {isa = PBXFileReference; explicitFileType = wrapper.cfbundle; includeInIndex = 0; path = propinasTests.xctest; sourceTree = BUILT_PRODUCTS_DIR; };
		8979D59B1B7D185900E08B51 /* Info.plist */ = {isa = PBXFileReference; lastKnownFileType = text.plist.xml; path = Info.plist; sourceTree = "<group>"; };
		8979D59C1B7D185900E08B51 /* propinasTests.swift */ = {isa = PBXFileReference; lastKnownFileType = sourcecode.swift; path = propinasTests.swift; sourceTree = "<group>"; };
		8979D5A61B7D194000E08B51 /* TipCalculatorModel.swift */ = {isa = PBXFileReference; fileEncoding = 4; lastKnownFileType = sourcecode.swift; path = TipCalculatorModel.swift; sourceTree = "<group>"; };
/* End PBXFileReference section */

/* Begin PBXFrameworksBuildPhase section */
		8979D57B1B7D185900E08B51 /* Frameworks */ = {
			isa = PBXFrameworksBuildPhase;
			buildActionMask = 2147483647;
			files = (
			);
			runOnlyForDeploymentPostprocessing = 0;
		};
		8979D5931B7D185900E08B51 /* Frameworks */ = {
			isa = PBXFrameworksBuildPhase;
			buildActionMask = 2147483647;
			files = (
			);
			runOnlyForDeploymentPostprocessing = 0;
		};
/* End PBXFrameworksBuildPhase section */

/* Begin PBXGroup section */
		8979D5751B7D185900E08B51 = {
			isa = PBXGroup;
			children = (
				8979D5801B7D185900E08B51 /* propinas */,
				8979D5991B7D185900E08B51 /* propinasTests */,
				8979D57F1B7D185900E08B51 /* Products */,
			);
			sourceTree = "<group>";
		};
		8979D57F1B7D185900E08B51 /* Products */ = {
			isa = PBXGroup;
			children = (
				8979D57E1B7D185900E08B51 /* propinas.app */,
				8979D5961B7D185900E08B51 /* propinasTests.xctest */,
			);
			name = Products;
			sourceTree = "<group>";
		};
		8979D5801B7D185900E08B51 /* propinas */ = {
			isa = PBXGroup;
			children = (
				8979D5831B7D185900E08B51 /* AppDelegate.swift */,
				8979D5881B7D185900E08B51 /* ViewController.swift */,
				8979D58A1B7D185900E08B51 /* Main.storyboard */,
				8979D58D1B7D185900E08B51 /* Images.xcassets */,
				8979D58F1B7D185900E08B51 /* LaunchScreen.xib */,
				8979D5851B7D185900E08B51 /* propinas.xcdatamodeld */,
				8979D5811B7D185900E08B51 /* Supporting Files */,
				8979D5A61B7D194000E08B51 /* TipCalculatorModel.swift */,
			);
			path = propinas;
			sourceTree = "<group>";
		};
		8979D5811B7D185900E08B51 /* Supporting Files */ = {
			isa = PBXGroup;
			children = (
				8979D5821B7D185900E08B51 /* Info.plist */,
			);
			name = "Supporting Files";
			sourceTree = "<group>";
		};
		8979D5991B7D185900E08B51 /* propinasTests */ = {
			isa = PBXGroup;
			children = (
				8979D59C1B7D185900E08B51 /* propinasTests.swift */,
				8979D59A1B7D185900E08B51 /* Supporting Files */,
			);
			path = propinasTests;
			sourceTree = "<group>";
		};
		8979D59A1B7D185900E08B51 /* Supporting Files */ = {
			isa = PBXGroup;
			children = (
				8979D59B1B7D185900E08B51 /* Info.plist */,
			);
			name = "Supporting Files";
			sourceTree = "<group>";
		};
/* End PBXGroup section */

/* Begin PBXNativeTarget section */
		8979D57D1B7D185900E08B51 /* propinas */ = {
			isa = PBXNativeTarget;
			buildConfigurationList = 8979D5A01B7D185900E08B51 /* Build configuration list for PBXNativeTarget "propinas" */;
			buildPhases = (
				8979D57A1B7D185900E08B51 /* Sources */,
				8979D57B1B7D185900E08B51 /* Frameworks */,
				8979D57C1B7D185900E08B51 /* Resources */,
			);
			buildRules = (
			);
			dependencies = (
			);
			name = propinas;
			productName = propinas;
			productReference = 8979D57E1B7D185900E08B51 /* propinas.app */;
			productType = "com.apple.product-type.application";
		};
		8979D5951B7D185900E08B51 /* propinasTests */ = {
			isa = PBXNativeTarget;
			buildConfigurationList = 8979D5A31B7D185900E08B51 /* Build configuration list for PBXNativeTarget "propinasTests" */;
			buildPhases = (
				8979D5921B7D185900E08B51 /* Sources */,
				8979D5931B7D185900E08B51 /* Frameworks */,
				8979D5941B7D185900E08B51 /* Resources */,
			);
			buildRules = (
			);
			dependencies = (
				8979D5981B7D185900E08B51 /* PBXTargetDependency */,
			);
			name = propinasTests;
			productName = propinasTests;
			productReference = 8979D5961B7D185900E08B51 /* propinasTests.xctest */;
			productType = "com.apple.product-type.bundle.unit-test";
		};
/* End PBXNativeTarget section */

/* Begin PBXProject section */
		8979D5761B7D185900E08B51 /* Project object */ = {
			isa = PBXProject;
			attributes = {
				LastUpgradeCheck = 0640;
				ORGANIZATIONNAME = "Imanol Aranzadi";
				TargetAttributes = {
					8979D57D1B7D185900E08B51 = {
						CreatedOnToolsVersion = 6.4;
					};
					8979D5951B7D185900E08B51 = {
						CreatedOnToolsVersion = 6.4;
						TestTargetID = 8979D57D1B7D185900E08B51;
					};
				};
			};
			buildConfigurationList = 8979D5791B7D185900E08B51 /* Build configuration list for PBXProject "propinas" */;
			compatibilityVersion = "Xcode 3.2";
			developmentRegion = English;
			hasScannedForEncodings = 0;
			knownRegions = (
				en,
				Base,
			);
			mainGroup = 8979D5751B7D185900E08B51;
			productRefGroup = 8979D57F1B7D185900E08B51 /* Products */;
			projectDirPath = "";
			projectRoot = "";
			targets = (
				8979D57D1B7D185900E08B51 /* propinas */,
				8979D5951B7D185900E08B51 /* propinasTests */,
			);
		};
/* End PBXProject section */

/* Begin PBXResourcesBuildPhase section */
		8979D57C1B7D185900E08B51 /* Resources */ = {
			isa = PBXResourcesBuildPhase;
			buildActionMask = 2147483647;
			files = (
				8979D58C1B7D185900E08B51 /* Main.storyboard in Resources */,
				8979D5911B7D185900E08B51 /* LaunchScreen.xib in Resources */,
				8979D58E1B7D185900E08B51 /* Images.xcassets in Resources */,
			);
			runOnlyForDeploymentPostprocessing = 0;
		};
		8979D5941B7D185900E08B51 /* Resources */ = {
			isa = PBXResourcesBuildPhase;
			buildActionMask = 2147483647;
			files = (
			);
			runOnlyForDeploymentPostprocessing = 0;
		};
/* End PBXResourcesBuildPhase section */

/* Begin PBXSourcesBuildPhase section */
		8979D57A1B7D185900E08B51 /* Sources */ = {
			isa = PBXSourcesBuildPhase;
			buildActionMask = 2147483647;
			files = (
				8979D5891B7D185900E08B51 /* ViewController.swift in Sources */,
				8979D5841B7D185900E08B51 /* AppDelegate.swift in Sources */,
				8979D5871B7D185900E08B51 /* propinas.xcdatamodeld in Sources */,
				8979D5A71B7D194000E08B51 /* TipCalculatorModel.swift in Sources */,
			);
			runOnlyForDeploymentPostprocessing = 0;
		};
		8979D5921B7D185900E08B51 /* Sources */ = {
			isa = PBXSourcesBuildPhase;
			buildActionMask = 2147483647;
			files = (
				8979D59D1B7D185900E08B51 /* propinasTests.swift in Sources */,
			);
			runOnlyForDeploymentPostprocessing = 0;
		};
/* End PBXSourcesBuildPhase section */

/* Begin PBXTargetDependency section */
		8979D5981B7D185900E08B51 /* PBXTargetDependency */ = {
			isa = PBXTargetDependency;
			target = 8979D57D1B7D185900E08B51 /* propinas */;
			targetProxy = 8979D5971B7D185900E08B51 /* PBXContainerItemProxy */;
		};
/* End PBXTargetDependency section */

/* Begin PBXVariantGroup section */
		8979D58A1B7D185900E08B51 /* Main.storyboard */ = {
			isa = PBXVariantGroup;
			children = (
				8979D58B1B7D185900E08B51 /* Base */,
			);
			name = Main.storyboard;
			sourceTree = "<group>";
		};
		8979D58F1B7D185900E08B51 /* LaunchScreen.xib */ = {
			isa = PBXVariantGroup;
			children = (
				8979D5901B7D185900E08B51 /* Base */,
			);
			name = LaunchScreen.xib;
			sourceTree = "<group>";
		};
/* End PBXVariantGroup section */

/* Begin XCBuildConfiguration section */
		8979D59E1B7D185900E08B51 /* Debug */ = {
			isa = XCBuildConfiguration;
			buildSettings = {
				ALWAYS_SEARCH_USER_PATHS = NO;
				CLANG_CXX_LANGUAGE_STANDARD = "gnu++0x";
				CLANG_CXX_LIBRARY = "libc++";
				CLANG_ENABLE_MODULES = YES;
				CLANG_ENABLE_OBJC_ARC = YES;
				CLANG_WARN_BOOL_CONVERSION = YES;
				CLANG_WARN_CONSTANT_CONVERSION = YES;
				CLANG_WARN_DIRECT_OBJC_ISA_USAGE = YES_ERROR;
				CLANG_WARN_EMPTY_BODY = YES;
				CLANG_WARN_ENUM_CONVERSION = YES;
				CLANG_WARN_INT_CONVERSION = YES;
				CLANG_WARN_OBJC_ROOT_CLASS = YES_ERROR;
				CLANG_WARN_UNREACHABLE_CODE = YES;
				CLANG_WARN__DUPLICATE_METHOD_MATCH = YES;
				"CODE_SIGN_IDENTITY[sdk=iphoneos*]" = "iPhone Developer";
				COPY_PHASE_STRIP = NO;
				DEBUG_INFORMATION_FORMAT = "dwarf-with-dsym";
				ENABLE_STRICT_OBJC_MSGSEND = YES;
				GCC_C_LANGUAGE_STANDARD = gnu99;
				GCC_DYNAMIC_NO_PIC = NO;
				GCC_NO_COMMON_BLOCKS = YES;
				GCC_OPTIMIZATION_LEVEL = 0;
				GCC_PREPROCESSOR_DEFINITIONS = (
					"DEBUG=1",
					"$(inherited)",
				);
				GCC_SYMBOLS_PRIVATE_EXTERN = NO;
				GCC_WARN_64_TO_32_BIT_CONVERSION = YES;
				GCC_WARN_ABOUT_RETURN_TYPE = YES_ERROR;
				GCC_WARN_UNDECLARED_SELECTOR = YES;
				GCC_WARN_UNINITIALIZED_AUTOS = YES_AGGRESSIVE;
				GCC_WARN_UNUSED_FUNCTION = YES;
				GCC_WARN_UNUSED_VARIABLE = YES;
				IPHONEOS_DEPLOYMENT_TARGET = 8.4;
				MTL_ENABLE_DEBUG_INFO = YES;
				ONLY_ACTIVE_ARCH = YES;
				SDKROOT = iphoneos;
				SWIFT_OPTIMIZATION_LEVEL = "-Onone";
				TARGETED_DEVICE_FAMILY = "1,2";
			};
			name = Debug;
		};
		8979D59F1B7D185900E08B51 /* Release */ = {
			isa = XCBuildConfiguration;
			buildSettings = {
				ALWAYS_SEARCH_USER_PATHS = NO;
				CLANG_CXX_LANGUAGE_STANDARD = "gnu++0x";
				CLANG_CXX_LIBRARY = "libc++";
				CLANG_ENABLE_MODULES = YES;
				CLANG_ENABLE_OBJC_ARC = YES;
				CLANG_WARN_BOOL_CONVERSION = YES;
				CLANG_WARN_CONSTANT_CONVERSION = YES;
				CLANG_WARN_DIRECT_OBJC_ISA_USAGE = YES_ERROR;
				CLANG_WARN_EMPTY_BODY = YES;
				CLANG_WARN_ENUM_CONVERSION = YES;
				CLANG_WARN_INT_CONVERSION = YES;
				CLANG_WARN_OBJC_ROOT_CLASS = YES_ERROR;
				CLANG_WARN_UNREACHABLE_CODE = YES;
				CLANG_WARN__DUPLICATE_METHOD_MATCH = YES;
				"CODE_SIGN_IDENTITY[sdk=iphoneos*]" = "iPhone Developer";
				COPY_PHASE_STRIP = NO;
				DEBUG_INFORMATION_FORMAT = "dwarf-with-dsym";
				ENABLE_NS_ASSERTIONS = NO;
				ENABLE_STRICT_OBJC_MSGSEND = YES;
				GCC_C_LANGUAGE_STANDARD = gnu99;
				GCC_NO_COMMON_BLOCKS = YES;
				GCC_WARN_64_TO_32_BIT_CONVERSION = YES;
				GCC_WARN_ABOUT_RETURN_TYPE = YES_ERROR;
				GCC_WARN_UNDECLARED_SELECTOR = YES;
				GCC_WARN_UNINITIALIZED_AUTOS = YES_AGGRESSIVE;
				GCC_WARN_UNUSED_FUNCTION = YES;
				GCC_WARN_UNUSED_VARIABLE = YES;
				IPHONEOS_DEPLOYMENT_TARGET = 8.4;
				MTL_ENABLE_DEBUG_INFO = NO;
				SDKROOT = iphoneos;
				TARGETED_DEVICE_FAMILY = "1,2";
				VALIDATE_PRODUCT = YES;
			};
			name = Release;
		};
		8979D5A11B7D185900E08B51 /* Debug */ = {
			isa = XCBuildConfiguration;
			buildSettings = {
				ASSETCATALOG_COMPILER_APPICON_NAME = AppIcon;
				INFOPLIST_FILE = propinas/Info.plist;
				LD_RUNPATH_SEARCH_PATHS = "$(inherited) @executable_path/Frameworks";
				PRODUCT_NAME = "$(TARGET_NAME)";
			};
			name = Debug;
		};
		8979D5A21B7D185900E08B51 /* Release */ = {
			isa = XCBuildConfiguration;
			buildSettings = {
				ASSETCATALOG_COMPILER_APPICON_NAME = AppIcon;
				INFOPLIST_FILE = propinas/Info.plist;
				LD_RUNPATH_SEARCH_PATHS = "$(inherited) @executable_path/Frameworks";
				PRODUCT_NAME = "$(TARGET_NAME)";
			};
			name = Release;
		};
		8979D5A41B7D185900E08B51 /* Debug */ = {
			isa = XCBuildConfiguration;
			buildSettings = {
				BUNDLE_LOADER = "$(TEST_HOST)";
				FRAMEWORK_SEARCH_PATHS = (
					"$(SDKROOT)/Developer/Library/Frameworks",
					"$(inherited)",
				);
				GCC_PREPROCESSOR_DEFINITIONS = (
					"DEBUG=1",
					"$(inherited)",
				);
				INFOPLIST_FILE = propinasTests/Info.plist;
				LD_RUNPATH_SEARCH_PATHS = "$(inherited) @executable_path/Frameworks @loader_path/Frameworks";
				PRODUCT_NAME = "$(TARGET_NAME)";
				TEST_HOST = "$(BUILT_PRODUCTS_DIR)/propinas.app/propinas";
			};
			name = Debug;
		};
		8979D5A51B7D185900E08B51 /* Release */ = {
			isa = XCBuildConfiguration;
			buildSettings = {
				BUNDLE_LOADER = "$(TEST_HOST)";
				FRAMEWORK_SEARCH_PATHS = (
					"$(SDKROOT)/Developer/Library/Frameworks",
					"$(inherited)",
				);
				INFOPLIST_FILE = propinasTests/Info.plist;
				LD_RUNPATH_SEARCH_PATHS = "$(inherited) @executable_path/Frameworks @loader_path/Frameworks";
				PRODUCT_NAME = "$(TARGET_NAME)";
				TEST_HOST = "$(BUILT_PRODUCTS_DIR)/propinas.app/propinas";
			};
			name = Release;
		};
/* End XCBuildConfiguration section */

/* Begin XCConfigurationList section */
		8979D5791B7D185900E08B51 /* Build configuration list for PBXProject "propinas" */ = {
			isa = XCConfigurationList;
			buildConfigurations = (
				8979D59E1B7D185900E08B51 /* Debug */,
				8979D59F1B7D185900E08B51 /* Release */,
			);
			defaultConfigurationIsVisible = 0;
			defaultConfigurationName = Release;
		};
		8979D5A01B7D185900E08B51 /* Build configuration list for PBXNativeTarget "propinas" */ = {
			isa = XCConfigurationList;
			buildConfigurations = (
				8979D5A11B7D185900E08B51 /* Debug */,
				8979D5A21B7D185900E08B51 /* Release */,
			);
			defaultConfigurationIsVisible = 0;
		};
		8979D5A31B7D185900E08B51 /* Build configuration list for PBXNativeTarget "propinasTests" */ = {
			isa = XCConfigurationList;
			buildConfigurations = (
				8979D5A41B7D185900E08B51 /* Debug */,
				8979D5A51B7D185900E08B51 /* Release */,
			);
			defaultConfigurationIsVisible = 0;
		};
/* End XCConfigurationList section */

/* Begin XCVersionGroup section */
		8979D5851B7D185900E08B51 /* propinas.xcdatamodeld */ = {
			isa = XCVersionGroup;
			children = (
				8979D5861B7D185900E08B51 /* propinas.xcdatamodel */,
			);
			currentVersion = 8979D5861B7D185900E08B51 /* propinas.xcdatamodel */;
			path = propinas.xcdatamodeld;
			sourceTree = "<group>";
			versionGroupType = wrapper.xcdatamodel;
		};
/* End XCVersionGroup section */
	};
	rootObject = 8979D5761B7D185900E08B51 /* Project object */;
}
